
Microsoft Visual Studio Solution File, Format Version 12.00
# Visual Studio 15
VisualStudioVersion = 15.0.28307.421
MinimumVisualStudioVersion = 10.0.40219.1
Project("{8BC9CEB8-8B4A-11D0-8D11-00A0C91BC942}") = "aps 09 omar", "aps 09 omar\aps 09 omar.vcxproj", "{89315D49-32DB-4F02-8F74-640004EEC607}"
EndProject
Global
	GlobalSection(SolutionConfigurationPlatforms) = preSolution
		Debug|x64 = Debug|x64
		Debug|x86 = Debug|x86
		Release|x64 = Release|x64
		Release|x86 = Release|x86
	EndGlobalSection
	GlobalSection(ProjectConfigurationPlatforms) = postSolution
		{89315D49-32DB-4F02-8F74-640004EEC607}.Debug|x64.ActiveCfg = Debug|x64
		{89315D49-32DB-4F02-8F74-640004EEC607}.Debug|x64.Build.0 = Debug|x64
		{89315D49-32DB-4F02-8F74-640004EEC607}.Debug|x86.ActiveCfg = Debug|Win32
		{89315D49-32DB-4F02-8F74-640004EEC607}.Debug|x86.Build.0 = Debug|Win32
		{89315D49-32DB-4F02-8F74-640004EEC607}.Release|x64.ActiveCfg = Release|x64
		{89315D49-32DB-4F02-8F74-640004EEC607}.Release|x64.Build.0 = Release|x64
		{89315D49-32DB-4F02-8F74-640004EEC607}.Release|x86.ActiveCfg = Release|Win32
		{89315D49-32DB-4F02-8F74-640004EEC607}.Release|x86.Build.0 = Release|Win32
	EndGlobalSection
	GlobalSection(SolutionProperties) = preSolution
		HideSolutionNode = FALSE
	EndGlobalSection
	GlobalSection(ExtensibilityGlobals) = postSolution
		SolutionGuid = {F4B8C3C9-3C41-4D93-92B6-665F04D4587D}
	EndGlobalSection
EndGlobal
